
Microsoft Visual Studio Solution File, Format Version 12.00
# Visual Studio Version 16
VisualStudioVersion = 16.0.810.22
MinimumVisualStudioVersion = 10.0.40219.1
Project("{FAE04EC0-301F-11D3-BF4B-00C04F79EFBC}") = "WebApi", "WebApi\WebApi.csproj", "{F332795B-25B7-44A7-80F5-C5431B5EC65A}"
EndProject
Project("{FAE04EC0-301F-11D3-BF4B-00C04F79EFBC}") = "BusinessLayer", "BusinessLayer\BusinessLayer.csproj", "{A751BC27-13E6-411F-A0C6-8CABA2D6B923}"
EndProject
Project("{FAE04EC0-301F-11D3-BF4B-00C04F79EFBC}") = "Tests", "Tests\Tests.csproj", "{9407F536-B4BB-4593-AFA6-30C61E84D495}"
EndProject
Project("{E53339B2-1760-4266-BCC7-CA923CBCF16C}") = "docker-compose", "docker-compose.dcproj", "{4BDBB3A3-41F0-4B00-9733-263A6A95A136}"
EndProject
Global
	GlobalSection(SolutionConfigurationPlatforms) = preSolution
		Debug|Any CPU = Debug|Any CPU
		Release|Any CPU = Release|Any CPU
	EndGlobalSection
	GlobalSection(ProjectConfigurationPlatforms) = postSolution
		{F332795B-25B7-44A7-80F5-C5431B5EC65A}.Debug|Any CPU.ActiveCfg = Debug|Any CPU
		{F332795B-25B7-44A7-80F5-C5431B5EC65A}.Debug|Any CPU.Build.0 = Debug|Any CPU
		{F332795B-25B7-44A7-80F5-C5431B5EC65A}.Release|Any CPU.ActiveCfg = Release|Any CPU
		{F332795B-25B7-44A7-80F5-C5431B5EC65A}.Release|Any CPU.Build.0 = Release|Any CPU
		{A751BC27-13E6-411F-A0C6-8CABA2D6B923}.Debug|Any CPU.ActiveCfg = Debug|Any CPU
		{A751BC27-13E6-411F-A0C6-8CABA2D6B923}.Debug|Any CPU.Build.0 = Debug|Any CPU
		{A751BC27-13E6-411F-A0C6-8CABA2D6B923}.Release|Any CPU.ActiveCfg = Release|Any CPU
		{A751BC27-13E6-411F-A0C6-8CABA2D6B923}.Release|Any CPU.Build.0 = Release|Any CPU
		{9407F536-B4BB-4593-AFA6-30C61E84D495}.Debug|Any CPU.ActiveCfg = Debug|Any CPU
		{9407F536-B4BB-4593-AFA6-30C61E84D495}.Debug|Any CPU.Build.0 = Debug|Any CPU
		{9407F536-B4BB-4593-AFA6-30C61E84D495}.Release|Any CPU.ActiveCfg = Release|Any CPU
		{9407F536-B4BB-4593-AFA6-30C61E84D495}.Release|Any CPU.Build.0 = Release|Any CPU
		{4BDBB3A3-41F0-4B00-9733-263A6A95A136}.Debug|Any CPU.ActiveCfg = Debug|Any CPU
		{4BDBB3A3-41F0-4B00-9733-263A6A95A136}.Debug|Any CPU.Build.0 = Debug|Any CPU
		{4BDBB3A3-41F0-4B00-9733-263A6A95A136}.Release|Any CPU.ActiveCfg = Release|Any CPU
		{4BDBB3A3-41F0-4B00-9733-263A6A95A136}.Release|Any CPU.Build.0 = Release|Any CPU
	EndGlobalSection
	GlobalSection(SolutionProperties) = preSolution
		HideSolutionNode = FALSE
	EndGlobalSection
	GlobalSection(ExtensibilityGlobals) = postSolution
		SolutionGuid = {DB9489AB-BE56-4C36-884B-00ECEE548C96}
	EndGlobalSection
EndGlobal
